// !$*UTF8*$!
{
	archiveVersion = 1;
	classes = {
	};
	objectVersion = 56;
	objects = {

/* Begin PBXBuildFile section */
		E116FA532A866FB600E8E522 /* PvPGameView.swift in Sources */ = {isa = PBXBuildFile; fileRef = E116FA522A866FB600E8E522 /* PvPGameView.swift */; };
		E116FA552A86700E00E8E522 /* PvCGameView.swift in Sources */ = {isa = PBXBuildFile; fileRef = E116FA542A86700E00E8E522 /* PvCGameView.swift */; };
		E1F612DE2A73EB9B00A24A62 /* contoh1App.swift in Sources */ = {isa = PBXBuildFile; fileRef = E1F612DD2A73EB9B00A24A62 /* contoh1App.swift */; };
		E1F612E02A73EB9B00A24A62 /* ContentView.swift in Sources */ = {isa = PBXBuildFile; fileRef = E1F612DF2A73EB9B00A24A62 /* ContentView.swift */; };
		E1F612E22A73EB9B00A24A62 /* Assets.xcassets in Resources */ = {isa = PBXBuildFile; fileRef = E1F612E12A73EB9B00A24A62 /* Assets.xcassets */; };
		E1F612E52A73EB9B00A24A62 /* Preview Assets.xcassets in Resources */ = {isa = PBXBuildFile; fileRef = E1F612E42A73EB9B00A24A62 /* Preview Assets.xcassets */; };
		E1F612EF2A73EB9B00A24A62 /* contoh1Tests.swift in Sources */ = {isa = PBXBuildFile; fileRef = E1F612EE2A73EB9B00A24A62 /* contoh1Tests.swift */; };
		E1F612F92A73EB9B00A24A62 /* contoh1UITests.swift in Sources */ = {isa = PBXBuildFile; fileRef = E1F612F82A73EB9B00A24A62 /* contoh1UITests.swift */; };
		E1F612FB2A73EB9B00A24A62 /* contoh1UITestsLaunchTests.swift in Sources */ = {isa = PBXBuildFile; fileRef = E1F612FA2A73EB9B00A24A62 /* contoh1UITestsLaunchTests.swift */; };
		E1F613082A73EDBE00A24A62 /* Cell.swift in Sources */ = {isa = PBXBuildFile; fileRef = E1F613072A73EDBE00A24A62 /* Cell.swift */; };
		E1F6130A2A73F26000A24A62 /* GameState.swift in Sources */ = {isa = PBXBuildFile; fileRef = E1F613092A73F26000A24A62 /* GameState.swift */; };
/* End PBXBuildFile section */

/* Begin PBXContainerItemProxy section */
		E1F612EB2A73EB9B00A24A62 /* PBXContainerItemProxy */ = {
			isa = PBXContainerItemProxy;
			containerPortal = E1F612D22A73EB9B00A24A62 /* Project object */;
			proxyType = 1;
			remoteGlobalIDString = E1F612D92A73EB9B00A24A62;
			remoteInfo = contoh1;
		};
		E1F612F52A73EB9B00A24A62 /* PBXContainerItemProxy */ = {
			isa = PBXContainerItemProxy;
			containerPortal = E1F612D22A73EB9B00A24A62 /* Project object */;
			proxyType = 1;
			remoteGlobalIDString = E1F612D92A73EB9B00A24A62;
			remoteInfo = contoh1;
		};
/* End PBXContainerItemProxy section */

/* Begin PBXFileReference section */
		E116FA522A866FB600E8E522 /* PvPGameView.swift */ = {isa = PBXFileReference; lastKnownFileType = sourcecode.swift; path = PvPGameView.swift; sourceTree = "<group>"; };
		E116FA542A86700E00E8E522 /* PvCGameView.swift */ = {isa = PBXFileReference; lastKnownFileType = sourcecode.swift; path = PvCGameView.swift; sourceTree = "<group>"; };
		E1F612DA2A73EB9B00A24A62 /* contoh1.app */ = {isa = PBXFileReference; explicitFileType = wrapper.application; includeInIndex = 0; path = contoh1.app; sourceTree = BUILT_PRODUCTS_DIR; };
		E1F612DD2A73EB9B00A24A62 /* contoh1App.swift */ = {isa = PBXFileReference; lastKnownFileType = sourcecode.swift; path = contoh1App.swift; sourceTree = "<group>"; };
		E1F612DF2A73EB9B00A24A62 /* ContentView.swift */ = {isa = PBXFileReference; lastKnownFileType = sourcecode.swift; path = ContentView.swift; sourceTree = "<group>"; };
		E1F612E12A73EB9B00A24A62 /* Assets.xcassets */ = {isa = PBXFileReference; lastKnownFileType = folder.assetcatalog; path = Assets.xcassets; sourceTree = "<group>"; };
		E1F612E42A73EB9B00A24A62 /* Preview Assets.xcassets */ = {isa = PBXFileReference; lastKnownFileType = folder.assetcatalog; path = "Preview Assets.xcassets"; sourceTree = "<group>"; };
		E1F612EA2A73EB9B00A24A62 /* contoh1Tests.xctest */ = {isa = PBXFileReference; explicitFileType = wrapper.cfbundle; includeInIndex = 0; path = contoh1Tests.xctest; sourceTree = BUILT_PRODUCTS_DIR; };
		E1F612EE2A73EB9B00A24A62 /* contoh1Tests.swift */ = {isa = PBXFileReference; lastKnownFileType = sourcecode.swift; path = contoh1Tests.swift; sourceTree = "<group>"; };
		E1F612F42A73EB9B00A24A62 /* contoh1UITests.xctest */ = {isa = PBXFileReference; explicitFileType = wrapper.cfbundle; includeInIndex = 0; path = contoh1UITests.xctest; sourceTree = BUILT_PRODUCTS_DIR; };
		E1F612F82A73EB9B00A24A62 /* contoh1UITests.swift */ = {isa = PBXFileReference; lastKnownFileType = sourcecode.swift; path = contoh1UITests.swift; sourceTree = "<group>"; };
		E1F612FA2A73EB9B00A24A62 /* contoh1UITestsLaunchTests.swift */ = {isa = PBXFileReference; lastKnownFileType = sourcecode.swift; path = contoh1UITestsLaunchTests.swift; sourceTree = "<group>"; };
		E1F613072A73EDBE00A24A62 /* Cell.swift */ = {isa = PBXFileReference; lastKnownFileType = sourcecode.swift; path = Cell.swift; sourceTree = "<group>"; };
		E1F613092A73F26000A24A62 /* GameState.swift */ = {isa = PBXFileReference; lastKnownFileType = sourcecode.swift; path = GameState.swift; sourceTree = "<group>"; };
/* End PBXFileReference section */

/* Begin PBXFrameworksBuildPhase section */
		E1F612D72A73EB9B00A24A62 /* Frameworks */ = {
			isa = PBXFrameworksBuildPhase;
			buildActionMask = 2147483647;
			files = (
			);
			runOnlyForDeploymentPostprocessing = 0;
		};
		E1F612E72A73EB9B00A24A62 /* Frameworks */ = {
			isa = PBXFrameworksBuildPhase;
			buildActionMask = 2147483647;
			files = (
			);
			runOnlyForDeploymentPostprocessing = 0;
		};
		E1F612F12A73EB9B00A24A62 /* Frameworks */ = {
			isa = PBXFrameworksBuildPhase;
			buildActionMask = 2147483647;
			files = (
			);
			runOnlyForDeploymentPostprocessing = 0;
		};
/* End PBXFrameworksBuildPhase section */

/* Begin PBXGroup section */
		E116FA4F2A866F5C00E8E522 /* views */ = {
			isa = PBXGroup;
			children = (
				E116FA522A866FB600E8E522 /* PvPGameView.swift */,
				E116FA542A86700E00E8E522 /* PvCGameView.swift */,
			);
			path = views;
			sourceTree = "<group>";
		};
		E1F612D12A73EB9B00A24A62 = {
			isa = PBXGroup;
			children = (
				E1F612DC2A73EB9B00A24A62 /* contoh1 */,
				E1F612ED2A73EB9B00A24A62 /* contoh1Tests */,
				E1F612F72A73EB9B00A24A62 /* contoh1UITests */,
				E1F612DB2A73EB9B00A24A62 /* Products */,
			);
			sourceTree = "<group>";
		};
		E1F612DB2A73EB9B00A24A62 /* Products */ = {
			isa = PBXGroup;
			children = (
				E1F612DA2A73EB9B00A24A62 /* contoh1.app */,
				E1F612EA2A73EB9B00A24A62 /* contoh1Tests.xctest */,
				E1F612F42A73EB9B00A24A62 /* contoh1UITests.xctest */,
			);
			name = Products;
			sourceTree = "<group>";
		};
		E1F612DC2A73EB9B00A24A62 /* contoh1 */ = {
			isa = PBXGroup;
			children = (
				E116FA4F2A866F5C00E8E522 /* views */,
				E1F612DD2A73EB9B00A24A62 /* contoh1App.swift */,
				E1F612DF2A73EB9B00A24A62 /* ContentView.swift */,
				E1F613092A73F26000A24A62 /* GameState.swift */,
				E1F613072A73EDBE00A24A62 /* Cell.swift */,
				E1F612E12A73EB9B00A24A62 /* Assets.xcassets */,
				E1F612E32A73EB9B00A24A62 /* Preview Content */,
			);
			path = contoh1;
			sourceTree = "<group>";
		};
		E1F612E32A73EB9B00A24A62 /* Preview Content */ = {
			isa = PBXGroup;
			children = (
				E1F612E42A73EB9B00A24A62 /* Preview Assets.xcassets */,
			);
			path = "Preview Content";
			sourceTree = "<group>";
		};
		E1F612ED2A73EB9B00A24A62 /* contoh1Tests */ = {
			isa = PBXGroup;
			children = (
				E1F612EE2A73EB9B00A24A62 /* contoh1Tests.swift */,
			);
			path = contoh1Tests;
			sourceTree = "<group>";
		};
		E1F612F72A73EB9B00A24A62 /* contoh1UITests */ = {
			isa = PBXGroup;
			children = (
				E1F612F82A73EB9B00A24A62 /* contoh1UITests.swift */,
				E1F612FA2A73EB9B00A24A62 /* contoh1UITestsLaunchTests.swift */,
			);
			path = contoh1UITests;
			sourceTree = "<group>";
		};
/* End PBXGroup section */

/* Begin PBXNativeTarget section */
		E1F612D92A73EB9B00A24A62 /* contoh1 */ = {
			isa = PBXNativeTarget;
			buildConfigurationList = E1F612FE2A73EB9B00A24A62 /* Build configuration list for PBXNativeTarget "contoh1" */;
			buildPhases = (
				E1F612D62A73EB9B00A24A62 /* Sources */,
				E1F612D72A73EB9B00A24A62 /* Frameworks */,
				E1F612D82A73EB9B00A24A62 /* Resources */,
			);
			buildRules = (
			);
			dependencies = (
			);
			name = contoh1;
			productName = contoh1;
			productReference = E1F612DA2A73EB9B00A24A62 /* contoh1.app */;
			productType = "com.apple.product-type.application";
		};
		E1F612E92A73EB9B00A24A62 /* contoh1Tests */ = {
			isa = PBXNativeTarget;
			buildConfigurationList = E1F613012A73EB9B00A24A62 /* Build configuration list for PBXNativeTarget "contoh1Tests" */;
			buildPhases = (
				E1F612E62A73EB9B00A24A62 /* Sources */,
				E1F612E72A73EB9B00A24A62 /* Frameworks */,
				E1F612E82A73EB9B00A24A62 /* Resources */,
			);
			buildRules = (
			);
			dependencies = (
				E1F612EC2A73EB9B00A24A62 /* PBXTargetDependency */,
			);
			name = contoh1Tests;
			productName = contoh1Tests;
			productReference = E1F612EA2A73EB9B00A24A62 /* contoh1Tests.xctest */;
			productType = "com.apple.product-type.bundle.unit-test";
		};
		E1F612F32A73EB9B00A24A62 /* contoh1UITests */ = {
			isa = PBXNativeTarget;
			buildConfigurationList = E1F613042A73EB9B00A24A62 /* Build configuration list for PBXNativeTarget "contoh1UITests" */;
			buildPhases = (
				E1F612F02A73EB9B00A24A62 /* Sources */,
				E1F612F12A73EB9B00A24A62 /* Frameworks */,
				E1F612F22A73EB9B00A24A62 /* Resources */,
			);
			buildRules = (
			);
			dependencies = (
				E1F612F62A73EB9B00A24A62 /* PBXTargetDependency */,
			);
			name = contoh1UITests;
			productName = contoh1UITests;
			productReference = E1F612F42A73EB9B00A24A62 /* contoh1UITests.xctest */;
			productType = "com.apple.product-type.bundle.ui-testing";
		};
/* End PBXNativeTarget section */

/* Begin PBXProject section */
		E1F612D22A73EB9B00A24A62 /* Project object */ = {
			isa = PBXProject;
			attributes = {
				BuildIndependentTargetsInParallel = 1;
				LastSwiftUpdateCheck = 1430;
				LastUpgradeCheck = 1430;
				TargetAttributes = {
					E1F612D92A73EB9B00A24A62 = {
						CreatedOnToolsVersion = 14.3.1;
					};
					E1F612E92A73EB9B00A24A62 = {
						CreatedOnToolsVersion = 14.3.1;
						TestTargetID = E1F612D92A73EB9B00A24A62;
					};
					E1F612F32A73EB9B00A24A62 = {
						CreatedOnToolsVersion = 14.3.1;
						TestTargetID = E1F612D92A73EB9B00A24A62;
					};
				};
			};
			buildConfigurationList = E1F612D52A73EB9B00A24A62 /* Build configuration list for PBXProject "contoh1" */;
			compatibilityVersion = "Xcode 14.0";
			developmentRegion = en;
			hasScannedForEncodings = 0;
			knownRegions = (
				en,
				Base,
			);
			mainGroup = E1F612D12A73EB9B00A24A62;
			productRefGroup = E1F612DB2A73EB9B00A24A62 /* Products */;
			projectDirPath = "";
			projectRoot = "";
			targets = (
				E1F612D92A73EB9B00A24A62 /* contoh1 */,
				E1F612E92A73EB9B00A24A62 /* contoh1Tests */,
				E1F612F32A73EB9B00A24A62 /* contoh1UITests */,
			);
		};
/* End PBXProject section */

/* Begin PBXResourcesBuildPhase section */
		E1F612D82A73EB9B00A24A62 /* Resources */ = {
			isa = PBXResourcesBuildPhase;
			buildActionMask = 2147483647;
			files = (
				E1F612E52A73EB9B00A24A62 /* Preview Assets.xcassets in Resources */,
				E1F612E22A73EB9B00A24A62 /* Assets.xcassets in Resources */,
			);
			runOnlyForDeploymentPostprocessing = 0;
		};
		E1F612E82A73EB9B00A24A62 /* Resources */ = {
			isa = PBXResourcesBuildPhase;
			buildActionMask = 2147483647;
			files = (
			);
			runOnlyForDeploymentPostprocessing = 0;
		};
		E1F612F22A73EB9B00A24A62 /* Resources */ = {
			isa = PBXResourcesBuildPhase;
			buildActionMask = 2147483647;
			files = (
			);
			runOnlyForDeploymentPostprocessing = 0;
		};
/* End PBXResourcesBuildPhase section */

/* Begin PBXSourcesBuildPhase section */
		E1F612D62A73EB9B00A24A62 /* Sources */ = {
			isa = PBXSourcesBuildPhase;
			buildActionMask = 2147483647;
			files = (
				E1F612E02A73EB9B00A24A62 /* ContentView.swift in Sources */,
				E1F6130A2A73F26000A24A62 /* GameState.swift in Sources */,
				E116FA552A86700E00E8E522 /* PvCGameView.swift in Sources */,
				E1F612DE2A73EB9B00A24A62 /* contoh1App.swift in Sources */,
				E1F613082A73EDBE00A24A62 /* Cell.swift in Sources */,
				E116FA532A866FB600E8E522 /* PvPGameView.swift in Sources */,
			);
			runOnlyForDeploymentPostprocessing = 0;
		};
		E1F612E62A73EB9B00A24A62 /* Sources */ = {
			isa = PBXSourcesBuildPhase;
			buildActionMask = 2147483647;
			files = (
				E1F612EF2A73EB9B00A24A62 /* contoh1Tests.swift in Sources */,
			);
			runOnlyForDeploymentPostprocessing = 0;
		};
		E1F612F02A73EB9B00A24A62 /* Sources */ = {
			isa = PBXSourcesBuildPhase;
			buildActionMask = 2147483647;
			files = (
				E1F612F92A73EB9B00A24A62 /* contoh1UITests.swift in Sources */,
				E1F612FB2A73EB9B00A24A62 /* contoh1UITestsLaunchTests.swift in Sources */,
			);
			runOnlyForDeploymentPostprocessing = 0;
		};
/* End PBXSourcesBuildPhase section */

/* Begin PBXTargetDependency section */
		E1F612EC2A73EB9B00A24A62 /* PBXTargetDependency */ = {
			isa = PBXTargetDependency;
			target = E1F612D92A73EB9B00A24A62 /* contoh1 */;
			targetProxy = E1F612EB2A73EB9B00A24A62 /* PBXContainerItemProxy */;
		};
		E1F612F62A73EB9B00A24A62 /* PBXTargetDependency */ = {
			isa = PBXTargetDependency;
			target = E1F612D92A73EB9B00A24A62 /* contoh1 */;
			targetProxy = E1F612F52A73EB9B00A24A62 /* PBXContainerItemProxy */;
		};
/* End PBXTargetDependency section */

/* Begin XCBuildConfiguration section */
		E1F612FC2A73EB9B00A24A62 /* Debug */ = {
			isa = XCBuildConfiguration;
			buildSettings = {
				ALWAYS_SEARCH_USER_PATHS = NO;
				CLANG_ANALYZER_NONNULL = YES;
				CLANG_ANALYZER_NUMBER_OBJECT_CONVERSION = YES_AGGRESSIVE;
				CLANG_CXX_LANGUAGE_STANDARD = "gnu++20";
				CLANG_ENABLE_MODULES = YES;
				CLANG_ENABLE_OBJC_ARC = YES;
				CLANG_ENABLE_OBJC_WEAK = YES;
				CLANG_WARN_BLOCK_CAPTURE_AUTORELEASING = YES;
				CLANG_WARN_BOOL_CONVERSION = YES;
				CLANG_WARN_COMMA = YES;
				CLANG_WARN_CONSTANT_CONVERSION = YES;
				CLANG_WARN_DEPRECATED_OBJC_IMPLEMENTATIONS = YES;
				CLANG_WARN_DIRECT_OBJC_ISA_USAGE = YES_ERROR;
				CLANG_WARN_DOCUMENTATION_COMMENTS = YES;
				CLANG_WARN_EMPTY_BODY = YES;
				CLANG_WARN_ENUM_CONVERSION = YES;
				CLANG_WARN_INFINITE_RECURSION = YES;
				CLANG_WARN_INT_CONVERSION = YES;
				CLANG_WARN_NON_LITERAL_NULL_CONVERSION = YES;
				CLANG_WARN_OBJC_IMPLICIT_RETAIN_SELF = YES;
				CLANG_WARN_OBJC_LITERAL_CONVERSION = YES;
				CLANG_WARN_OBJC_ROOT_CLASS = YES_ERROR;
				CLANG_WARN_QUOTED_INCLUDE_IN_FRAMEWORK_HEADER = YES;
				CLANG_WARN_RANGE_LOOP_ANALYSIS = YES;
				CLANG_WARN_STRICT_PROTOTYPES = YES;
				CLANG_WARN_SUSPICIOUS_MOVE = YES;
				CLANG_WARN_UNGUARDED_AVAILABILITY = YES_AGGRESSIVE;
				CLANG_WARN_UNREACHABLE_CODE = YES;
				CLANG_WARN__DUPLICATE_METHOD_MATCH = YES;
				COPY_PHASE_STRIP = NO;
				DEBUG_INFORMATION_FORMAT = dwarf;
				ENABLE_STRICT_OBJC_MSGSEND = YES;
				ENABLE_TESTABILITY = YES;
				GCC_C_LANGUAGE_STANDARD = gnu11;
				GCC_DYNAMIC_NO_PIC = NO;
				GCC_NO_COMMON_BLOCKS = YES;
				GCC_OPTIMIZATION_LEVEL = 0;
				GCC_PREPROCESSOR_DEFINITIONS = (
					"DEBUG=1",
					"$(inherited)",
				);
				GCC_WARN_64_TO_32_BIT_CONVERSION = YES;
				GCC_WARN_ABOUT_RETURN_TYPE = YES_ERROR;
				GCC_WARN_UNDECLARED_SELECTOR = YES;
				GCC_WARN_UNINITIALIZED_AUTOS = YES_AGGRESSIVE;
				GCC_WARN_UNUSED_FUNCTION = YES;
				GCC_WARN_UNUSED_VARIABLE = YES;
				IPHONEOS_DEPLOYMENT_TARGET = 16.4;
				MTL_ENABLE_DEBUG_INFO = INCLUDE_SOURCE;
				MTL_FAST_MATH = YES;
				ONLY_ACTIVE_ARCH = YES;
				SDKROOT = iphoneos;
				SWIFT_ACTIVE_COMPILATION_CONDITIONS = DEBUG;
				SWIFT_OPTIMIZATION_LEVEL = "-Onone";
			};
			name = Debug;
		};
		E1F612FD2A73EB9B00A24A62 /* Release */ = {
			isa = XCBuildConfiguration;
			buildSettings = {
				ALWAYS_SEARCH_USER_PATHS = NO;
				CLANG_ANALYZER_NONNULL = YES;
				CLANG_ANALYZER_NUMBER_OBJECT_CONVERSION = YES_AGGRESSIVE;
				CLANG_CXX_LANGUAGE_STANDARD = "gnu++20";
				CLANG_ENABLE_MODULES = YES;
				CLANG_ENABLE_OBJC_ARC = YES;
				CLANG_ENABLE_OBJC_WEAK = YES;
				CLANG_WARN_BLOCK_CAPTURE_AUTORELEASING = YES;
				CLANG_WARN_BOOL_CONVERSION = YES;
				CLANG_WARN_COMMA = YES;
				CLANG_WARN_CONSTANT_CONVERSION = YES;
				CLANG_WARN_DEPRECATED_OBJC_IMPLEMENTATIONS = YES;
				CLANG_WARN_DIRECT_OBJC_ISA_USAGE = YES_ERROR;
				CLANG_WARN_DOCUMENTATION_COMMENTS = YES;
				CLANG_WARN_EMPTY_BODY = YES;
				CLANG_WARN_ENUM_CONVERSION = YES;
				CLANG_WARN_INFINITE_RECURSION = YES;
				CLANG_WARN_INT_CONVERSION = YES;
				CLANG_WARN_NON_LITERAL_NULL_CONVERSION = YES;
				CLANG_WARN_OBJC_IMPLICIT_RETAIN_SELF = YES;
				CLANG_WARN_OBJC_LITERAL_CONVERSION = YES;
				CLANG_WARN_OBJC_ROOT_CLASS = YES_ERROR;
				CLANG_WARN_QUOTED_INCLUDE_IN_FRAMEWORK_HEADER = YES;
				CLANG_WARN_RANGE_LOOP_ANALYSIS = YES;
				CLANG_WARN_STRICT_PROTOTYPES = YES;
				CLANG_WARN_SUSPICIOUS_MOVE = YES;
				CLANG_WARN_UNGUARDED_AVAILABILITY = YES_AGGRESSIVE;
				CLANG_WARN_UNREACHABLE_CODE = YES;
				CLANG_WARN__DUPLICATE_METHOD_MATCH = YES;
				COPY_PHASE_STRIP = NO;
				DEBUG_INFORMATION_FORMAT = "dwarf-with-dsym";
				ENABLE_NS_ASSERTIONS = NO;
				ENABLE_STRICT_OBJC_MSGSEND = YES;
				GCC_C_LANGUAGE_STANDARD = gnu11;
				GCC_NO_COMMON_BLOCKS = YES;
				GCC_WARN_64_TO_32_BIT_CONVERSION = YES;
				GCC_WARN_ABOUT_RETURN_TYPE = YES_ERROR;
				GCC_WARN_UNDECLARED_SELECTOR = YES;
				GCC_WARN_UNINITIALIZED_AUTOS = YES_AGGRESSIVE;
				GCC_WARN_UNUSED_FUNCTION = YES;
				GCC_WARN_UNUSED_VARIABLE = YES;
				IPHONEOS_DEPLOYMENT_TARGET = 16.4;
				MTL_ENABLE_DEBUG_INFO = NO;
				MTL_FAST_MATH = YES;
				SDKROOT = iphoneos;
				SWIFT_COMPILATION_MODE = wholemodule;
				SWIFT_OPTIMIZATION_LEVEL = "-O";
				VALIDATE_PRODUCT = YES;
			};
			name = Release;
		};
		E1F612FF2A73EB9B00A24A62 /* Debug */ = {
			isa = XCBuildConfiguration;
			buildSettings = {
				ASSETCATALOG_COMPILER_APPICON_NAME = AppIcon;
				ASSETCATALOG_COMPILER_GLOBAL_ACCENT_COLOR_NAME = AccentColor;
				CODE_SIGN_STYLE = Automatic;
				CURRENT_PROJECT_VERSION = 1;
				DEVELOPMENT_ASSET_PATHS = "\"contoh1/Preview Content\"";
				DEVELOPMENT_TEAM = 7R659T9Y9Q;
				ENABLE_PREVIEWS = YES;
				GENERATE_INFOPLIST_FILE = YES;
				INFOPLIST_KEY_UIApplicationSceneManifest_Generation = YES;
				INFOPLIST_KEY_UIApplicationSupportsIndirectInputEvents = YES;
				INFOPLIST_KEY_UILaunchScreen_Generation = YES;
				INFOPLIST_KEY_UISupportedInterfaceOrientations_iPad = "UIInterfaceOrientationPortrait UIInterfaceOrientationPortraitUpsideDown UIInterfaceOrientationLandscapeLeft UIInterfaceOrientationLandscapeRight";
				INFOPLIST_KEY_UISupportedInterfaceOrientations_iPhone = "UIInterfaceOrientationPortrait UIInterfaceOrientationLandscapeLeft UIInterfaceOrientationLandscapeRight";
				LD_RUNPATH_SEARCH_PATHS = (
					"$(inherited)",
					"@executable_path/Frameworks",
				);
				MARKETING_VERSION = 1.0;
				PRODUCT_BUNDLE_IDENTIFIER = iqbal.contoh1;
				PRODUCT_NAME = "$(TARGET_NAME)";
				SWIFT_EMIT_LOC_STRINGS = YES;
				SWIFT_VERSION = 5.0;
				TARGETED_DEVICE_FAMILY = "1,2";
			};
			name = Debug;
		};
		E1F613002A73EB9B00A24A62 /* Release */ = {
			isa = XCBuildConfiguration;
			buildSettings = {
				ASSETCATALOG_COMPILER_APPICON_NAME = AppIcon;
				ASSETCATALOG_COMPILER_GLOBAL_ACCENT_COLOR_NAME = AccentColor;
				CODE_SIGN_STYLE = Automatic;
				CURRENT_PROJECT_VERSION = 1;
				DEVELOPMENT_ASSET_PATHS = "\"contoh1/Preview Content\"";
				DEVELOPMENT_TEAM = 7R659T9Y9Q;
				ENABLE_PREVIEWS = YES;
				GENERATE_INFOPLIST_FILE = YES;
				INFOPLIST_KEY_UIApplicationSceneManifest_Generation = YES;
				INFOPLIST_KEY_UIApplicationSupportsIndirectInputEvents = YES;
				INFOPLIST_KEY_UILaunchScreen_Generation = YES;
				INFOPLIST_KEY_UISupportedInterfaceOrientations_iPad = "UIInterfaceOrientationPortrait UIInterfaceOrientationPortraitUpsideDown UIInterfaceOrientationLandscapeLeft UIInterfaceOrientationLandscapeRight";
				INFOPLIST_KEY_UISupportedInterfaceOrientations_iPhone = "UIInterfaceOrientationPortrait UIInterfaceOrientationLandscapeLeft UIInterfaceOrientationLandscapeRight";
				LD_RUNPATH_SEARCH_PATHS = (
					"$(inherited)",
					"@executable_path/Frameworks",
				);
				MARKETING_VERSION = 1.0;
				PRODUCT_BUNDLE_IDENTIFIER = iqbal.contoh1;
				PRODUCT_NAME = "$(TARGET_NAME)";
				SWIFT_EMIT_LOC_STRINGS = YES;
				SWIFT_VERSION = 5.0;
				TARGETED_DEVICE_FAMILY = "1,2";
			};
			name = Release;
		};
		E1F613022A73EB9B00A24A62 /* Debug */ = {
			isa = XCBuildConfiguration;
			buildSettings = {
				ALWAYS_EMBED_SWIFT_STANDARD_LIBRARIES = YES;
				BUNDLE_LOADER = "$(TEST_HOST)";
				CODE_SIGN_STYLE = Automatic;
				CURRENT_PROJECT_VERSION = 1;
				GENERATE_INFOPLIST_FILE = YES;
				IPHONEOS_DEPLOYMENT_TARGET = 16.4;
				MARKETING_VERSION = 1.0;
				PRODUCT_BUNDLE_IDENTIFIER = iqbal.contoh1Tests;
				PRODUCT_NAME = "$(TARGET_NAME)";
				SWIFT_EMIT_LOC_STRINGS = NO;
				SWIFT_VERSION = 5.0;
				TARGETED_DEVICE_FAMILY = "1,2";
				TEST_HOST = "$(BUILT_PRODUCTS_DIR)/contoh1.app/$(BUNDLE_EXECUTABLE_FOLDER_PATH)/contoh1";
			};
			name = Debug;
		};
		E1F613032A73EB9B00A24A62 /* Release */ = {
			isa = XCBuildConfiguration;
			buildSettings = {
				ALWAYS_EMBED_SWIFT_STANDARD_LIBRARIES = YES;
				BUNDLE_LOADER = "$(TEST_HOST)";
				CODE_SIGN_STYLE = Automatic;
				CURRENT_PROJECT_VERSION = 1;
				GENERATE_INFOPLIST_FILE = YES;
				IPHONEOS_DEPLOYMENT_TARGET = 16.4;
				MARKETING_VERSION = 1.0;
				PRODUCT_BUNDLE_IDENTIFIER = iqbal.contoh1Tests;
				PRODUCT_NAME = "$(TARGET_NAME)";
				SWIFT_EMIT_LOC_STRINGS = NO;
				SWIFT_VERSION = 5.0;
				TARGETED_DEVICE_FAMILY = "1,2";
				TEST_HOST = "$(BUILT_PRODUCTS_DIR)/contoh1.app/$(BUNDLE_EXECUTABLE_FOLDER_PATH)/contoh1";
			};
			name = Release;
		};
		E1F613052A73EB9B00A24A62 /* Debug */ = {
			isa = XCBuildConfiguration;
			buildSettings = {
				ALWAYS_EMBED_SWIFT_STANDARD_LIBRARIES = YES;
				CODE_SIGN_STYLE = Automatic;
				CURRENT_PROJECT_VERSION = 1;
				GENERATE_INFOPLIST_FILE = YES;
				MARKETING_VERSION = 1.0;
				PRODUCT_BUNDLE_IDENTIFIER = iqbal.contoh1UITests;
				PRODUCT_NAME = "$(TARGET_NAME)";
				SWIFT_EMIT_LOC_STRINGS = NO;
				SWIFT_VERSION = 5.0;
				TARGETED_DEVICE_FAMILY = "1,2";
				TEST_TARGET_NAME = contoh1;
			};
			name = Debug;
		};
		E1F613062A73EB9B00A24A62 /* Release */ = {
			isa = XCBuildConfiguration;
			buildSettings = {
				ALWAYS_EMBED_SWIFT_STANDARD_LIBRARIES = YES;
				CODE_SIGN_STYLE = Automatic;
				CURRENT_PROJECT_VERSION = 1;
				GENERATE_INFOPLIST_FILE = YES;
				MARKETING_VERSION = 1.0;
				PRODUCT_BUNDLE_IDENTIFIER = iqbal.contoh1UITests;
				PRODUCT_NAME = "$(TARGET_NAME)";
				SWIFT_EMIT_LOC_STRINGS = NO;
				SWIFT_VERSION = 5.0;
				TARGETED_DEVICE_FAMILY = "1,2";
				TEST_TARGET_NAME = contoh1;
			};
			name = Release;
		};
/* End XCBuildConfiguration section */

/* Begin XCConfigurationList section */
		E1F612D52A73EB9B00A24A62 /* Build configuration list for PBXProject "contoh1" */ = {
			isa = XCConfigurationList;
			buildConfigurations = (
				E1F612FC2A73EB9B00A24A62 /* Debug */,
				E1F612FD2A73EB9B00A24A62 /* Release */,
			);
			defaultConfigurationIsVisible = 0;
			defaultConfigurationName = Release;
		};
		E1F612FE2A73EB9B00A24A62 /* Build configuration list for PBXNativeTarget "contoh1" */ = {
			isa = XCConfigurationList;
			buildConfigurations = (
				E1F612FF2A73EB9B00A24A62 /* Debug */,
				E1F613002A73EB9B00A24A62 /* Release */,
			);
			defaultConfigurationIsVisible = 0;
			defaultConfigurationName = Release;
		};
		E1F613012A73EB9B00A24A62 /* Build configuration list for PBXNativeTarget "contoh1Tests" */ = {
			isa = XCConfigurationList;
			buildConfigurations = (
				E1F613022A73EB9B00A24A62 /* Debug */,
				E1F613032A73EB9B00A24A62 /* Release */,
			);
			defaultConfigurationIsVisible = 0;
			defaultConfigurationName = Release;
		};
		E1F613042A73EB9B00A24A62 /* Build configuration list for PBXNativeTarget "contoh1UITests" */ = {
			isa = XCConfigurationList;
			buildConfigurations = (
				E1F613052A73EB9B00A24A62 /* Debug */,
				E1F613062A73EB9B00A24A62 /* Release */,
			);
			defaultConfigurationIsVisible = 0;
			defaultConfigurationName = Release;
		};
/* End XCConfigurationList section */
	};
	rootObject = E1F612D22A73EB9B00A24A62 /* Project object */;
}
